Microsoft Visual Studio Solution File, Format Version 12.00
# Visual Studio Version 17
VisualStudioVersion = 17.5.2.0
MinimumVisualStudioVersion = 10.0.40219.1
Project("{FAE04EC0-301F-11D3-BF4B-00C04F79EFBC}") = "TyreDataVisualiser", "TyreDataVisualiser.csproj", "{19F93537-BD85-686C-98DB-4FD208C1B268}"
EndProject
Global
	GlobalSection(SolutionConfigurationPlatforms) = preSolution
		Debug|Any CPU = Debug|Any CPU
		Release|Any CPU = Release|Any CPU
	EndGlobalSection
	GlobalSection(ProjectConfigurationPlatforms) = postSolution
		{19F93537-BD85-686C-98DB-4FD208C1B268}.Debug|Any CPU.ActiveCfg = Debug|Any CPU
		{19F93537-BD85-686C-98DB-4FD208C1B268}.Debug|Any CPU.Build.0 = Debug|Any CPU
		{19F93537-BD85-686C-98DB-4FD208C1B268}.Release|Any CPU.ActiveCfg = Release|Any CPU
		{19F93537-BD85-686C-98DB-4FD208C1B268}.Release|Any CPU.Build.0 = Release|Any CPU
	EndGlobalSection
	GlobalSection(SolutionProperties) = preSolution
		HideSolutionNode = FALSE
	EndGlobalSection
	GlobalSection(ExtensibilityGlobals) = postSolution
		SolutionGuid = {284E26C0-4E4E-4F0F-92B9-19114805AF99}
	EndGlobalSection
EndGlobal
